
Microsoft Visual Studio Solution File, Format Version 12.00
# Visual Studio 15
VisualStudioVersion = 15.0.27428.2043
MinimumVisualStudioVersion = 10.0.40219.1
Project("{FAE04EC0-301F-11D3-BF4B-00C04F79EFBC}") = "01. SoftUni Reception", "01. SoftUni Reception\01. SoftUni Reception.csproj", "{3CAD0C1A-DBC7-4972-8DF4-376EB16A2771}"
EndProject
Project("{FAE04EC0-301F-11D3-BF4B-00C04F79EFBC}") = "02. SoftUni Course Planning", "02. SoftUni Course Planning\02. SoftUni Course Planning.csproj", "{1247732C-3411-4F62-AB2B-6974FC89839D}"
EndProject
Project("{FAE04EC0-301F-11D3-BF4B-00C04F79EFBC}") = "03. SoftUni Bar Income", "03. SoftUni Bar Income\03. SoftUni Bar Income.csproj", "{875B2046-7CD5-4142-87CB-B7F86EA961A5}"
EndProject
Project("{FAE04EC0-301F-11D3-BF4B-00C04F79EFBC}") = "04. SoftUni Exam Results", "04. SoftUni Exam Results\04. SoftUni Exam Results.csproj", "{39E33A2C-97D0-4A64-AE3A-3FB7C957AE32}"
EndProject
Global
	GlobalSection(SolutionConfigurationPlatforms) = preSolution
		Debug|Any CPU = Debug|Any CPU
		Release|Any CPU = Release|Any CPU
	EndGlobalSection
	GlobalSection(ProjectConfigurationPlatforms) = postSolution
		{3CAD0C1A-DBC7-4972-8DF4-376EB16A2771}.Debug|Any CPU.ActiveCfg = Debug|Any CPU
		{3CAD0C1A-DBC7-4972-8DF4-376EB16A2771}.Debug|Any CPU.Build.0 = Debug|Any CPU
		{3CAD0C1A-DBC7-4972-8DF4-376EB16A2771}.Release|Any CPU.ActiveCfg = Release|Any CPU
		{3CAD0C1A-DBC7-4972-8DF4-376EB16A2771}.Release|Any CPU.Build.0 = Release|Any CPU
		{1247732C-3411-4F62-AB2B-6974FC89839D}.Debug|Any CPU.ActiveCfg = Debug|Any CPU
		{1247732C-3411-4F62-AB2B-6974FC89839D}.Debug|Any CPU.Build.0 = Debug|Any CPU
		{1247732C-3411-4F62-AB2B-6974FC89839D}.Release|Any CPU.ActiveCfg = Release|Any CPU
		{1247732C-3411-4F62-AB2B-6974FC89839D}.Release|Any CPU.Build.0 = Release|Any CPU
		{875B2046-7CD5-4142-87CB-B7F86EA961A5}.Debug|Any CPU.ActiveCfg = Debug|Any CPU
		{875B2046-7CD5-4142-87CB-B7F86EA961A5}.Debug|Any CPU.Build.0 = Debug|Any CPU
		{875B2046-7CD5-4142-87CB-B7F86EA961A5}.Release|Any CPU.ActiveCfg = Release|Any CPU
		{875B2046-7CD5-4142-87CB-B7F86EA961A5}.Release|Any CPU.Build.0 = Release|Any CPU
		{39E33A2C-97D0-4A64-AE3A-3FB7C957AE32}.Debug|Any CPU.ActiveCfg = Debug|Any CPU
		{39E33A2C-97D0-4A64-AE3A-3FB7C957AE32}.Debug|Any CPU.Build.0 = Debug|Any CPU
		{39E33A2C-97D0-4A64-AE3A-3FB7C957AE32}.Release|Any CPU.ActiveCfg = Release|Any CPU
		{39E33A2C-97D0-4A64-AE3A-3FB7C957AE32}.Release|Any CPU.Build.0 = Release|Any CPU
	EndGlobalSection
	GlobalSection(SolutionProperties) = preSolution
		HideSolutionNode = FALSE
	EndGlobalSection
	GlobalSection(ExtensibilityGlobals) = postSolution
		SolutionGuid = {C92D0754-D795-421D-8B20-DD8984A97A8E}
	EndGlobalSection
EndGlobal
