
Microsoft Visual Studio Solution File, Format Version 12.00
# Visual Studio 15
VisualStudioVersion = 15.0.28010.2050
MinimumVisualStudioVersion = 10.0.40219.1
Project("{FAE04EC0-301F-11D3-BF4B-00C04F79EFBC}") = "01. Company Roster", "01. Company Roster\01. Company Roster.csproj", "{E49647D3-3D34-4F21-81FE-CA29906E1C97}"
EndProject
Project("{FAE04EC0-301F-11D3-BF4B-00C04F79EFBC}") = "02. Oldest Family Member", "02. Oldest Family Member\02. Oldest Family Member.csproj", "{8D5EFE0C-7360-4346-A882-630510C341CD}"
EndProject
Project("{FAE04EC0-301F-11D3-BF4B-00C04F79EFBC}") = "03. Speed Racing", "03. Speed Racing\03. Speed Racing.csproj", "{355222DA-84E3-4BC8-A356-0D43AD9B51A4}"
EndProject
Project("{FAE04EC0-301F-11D3-BF4B-00C04F79EFBC}") = "04. Raw Data", "04. Raw Data\04. Raw Data.csproj", "{E8660AF8-0CB2-45D1-9219-DE6185D00BDF}"
EndProject
Project("{FAE04EC0-301F-11D3-BF4B-00C04F79EFBC}") = "05. Shopping Spree", "05. Shopping Spree\05. Shopping Spree.csproj", "{5F9E5118-CD56-46F3-90A2-61181A5B6A4A}"
EndProject
Global
	GlobalSection(SolutionConfigurationPlatforms) = preSolution
		Debug|Any CPU = Debug|Any CPU
		Release|Any CPU = Release|Any CPU
	EndGlobalSection
	GlobalSection(ProjectConfigurationPlatforms) = postSolution
		{E49647D3-3D34-4F21-81FE-CA29906E1C97}.Debug|Any CPU.ActiveCfg = Debug|Any CPU
		{E49647D3-3D34-4F21-81FE-CA29906E1C97}.Debug|Any CPU.Build.0 = Debug|Any CPU
		{E49647D3-3D34-4F21-81FE-CA29906E1C97}.Release|Any CPU.ActiveCfg = Release|Any CPU
		{E49647D3-3D34-4F21-81FE-CA29906E1C97}.Release|Any CPU.Build.0 = Release|Any CPU
		{8D5EFE0C-7360-4346-A882-630510C341CD}.Debug|Any CPU.ActiveCfg = Debug|Any CPU
		{8D5EFE0C-7360-4346-A882-630510C341CD}.Debug|Any CPU.Build.0 = Debug|Any CPU
		{8D5EFE0C-7360-4346-A882-630510C341CD}.Release|Any CPU.ActiveCfg = Release|Any CPU
		{8D5EFE0C-7360-4346-A882-630510C341CD}.Release|Any CPU.Build.0 = Release|Any CPU
		{355222DA-84E3-4BC8-A356-0D43AD9B51A4}.Debug|Any CPU.ActiveCfg = Debug|Any CPU
		{355222DA-84E3-4BC8-A356-0D43AD9B51A4}.Debug|Any CPU.Build.0 = Debug|Any CPU
		{355222DA-84E3-4BC8-A356-0D43AD9B51A4}.Release|Any CPU.ActiveCfg = Release|Any CPU
		{355222DA-84E3-4BC8-A356-0D43AD9B51A4}.Release|Any CPU.Build.0 = Release|Any CPU
		{E8660AF8-0CB2-45D1-9219-DE6185D00BDF}.Debug|Any CPU.ActiveCfg = Debug|Any CPU
		{E8660AF8-0CB2-45D1-9219-DE6185D00BDF}.Debug|Any CPU.Build.0 = Debug|Any CPU
		{E8660AF8-0CB2-45D1-9219-DE6185D00BDF}.Release|Any CPU.ActiveCfg = Release|Any CPU
		{E8660AF8-0CB2-45D1-9219-DE6185D00BDF}.Release|Any CPU.Build.0 = Release|Any CPU
		{5F9E5118-CD56-46F3-90A2-61181A5B6A4A}.Debug|Any CPU.ActiveCfg = Debug|Any CPU
		{5F9E5118-CD56-46F3-90A2-61181A5B6A4A}.Debug|Any CPU.Build.0 = Debug|Any CPU
		{5F9E5118-CD56-46F3-90A2-61181A5B6A4A}.Release|Any CPU.ActiveCfg = Release|Any CPU
		{5F9E5118-CD56-46F3-90A2-61181A5B6A4A}.Release|Any CPU.Build.0 = Release|Any CPU
	EndGlobalSection
	GlobalSection(SolutionProperties) = preSolution
		HideSolutionNode = FALSE
	EndGlobalSection
	GlobalSection(ExtensibilityGlobals) = postSolution
		SolutionGuid = {FAE098E3-207C-4332-858E-2ECA668F53AE}
	EndGlobalSection
EndGlobal
