
Microsoft Visual Studio Solution File, Format Version 12.00
# Visual Studio 15
VisualStudioVersion = 15.0.28307.136
MinimumVisualStudioVersion = 10.0.40219.1
Project("{FAE04EC0-301F-11D3-BF4B-00C04F79EFBC}") = "01. Thea the Photographer", "01. Thea the Photographer\01. Thea the Photographer.csproj", "{B04D337C-D3AC-4949-83BA-F2051D790F21}"
EndProject
Project("{FAE04EC0-301F-11D3-BF4B-00C04F79EFBC}") = "02. Trophon the Grumpy Cat", "02. Trophon the Grumpy Cat\02. Trophon the Grumpy Cat.csproj", "{5151B381-5213-4960-BCEB-5AE0F2CBC8FA}"
EndProject
Project("{FAE04EC0-301F-11D3-BF4B-00C04F79EFBC}") = "03. Portal", "03. Portal\03. Portal.csproj", "{4EC37AD6-9B95-4630-88B2-80770121DECD}"
EndProject
Project("{FAE04EC0-301F-11D3-BF4B-00C04F79EFBC}") = "04. Files", "04. Files\04. Files.csproj", "{12E32CA4-C564-45D8-8768-C77E98C2B8FF}"
EndProject
Global
	GlobalSection(SolutionConfigurationPlatforms) = preSolution
		Debug|Any CPU = Debug|Any CPU
		Release|Any CPU = Release|Any CPU
	EndGlobalSection
	GlobalSection(ProjectConfigurationPlatforms) = postSolution
		{B04D337C-D3AC-4949-83BA-F2051D790F21}.Debug|Any CPU.ActiveCfg = Debug|Any CPU
		{B04D337C-D3AC-4949-83BA-F2051D790F21}.Debug|Any CPU.Build.0 = Debug|Any CPU
		{B04D337C-D3AC-4949-83BA-F2051D790F21}.Release|Any CPU.ActiveCfg = Release|Any CPU
		{B04D337C-D3AC-4949-83BA-F2051D790F21}.Release|Any CPU.Build.0 = Release|Any CPU
		{5151B381-5213-4960-BCEB-5AE0F2CBC8FA}.Debug|Any CPU.ActiveCfg = Debug|Any CPU
		{5151B381-5213-4960-BCEB-5AE0F2CBC8FA}.Debug|Any CPU.Build.0 = Debug|Any CPU
		{5151B381-5213-4960-BCEB-5AE0F2CBC8FA}.Release|Any CPU.ActiveCfg = Release|Any CPU
		{5151B381-5213-4960-BCEB-5AE0F2CBC8FA}.Release|Any CPU.Build.0 = Release|Any CPU
		{4EC37AD6-9B95-4630-88B2-80770121DECD}.Debug|Any CPU.ActiveCfg = Debug|Any CPU
		{4EC37AD6-9B95-4630-88B2-80770121DECD}.Debug|Any CPU.Build.0 = Debug|Any CPU
		{4EC37AD6-9B95-4630-88B2-80770121DECD}.Release|Any CPU.ActiveCfg = Release|Any CPU
		{4EC37AD6-9B95-4630-88B2-80770121DECD}.Release|Any CPU.Build.0 = Release|Any CPU
		{12E32CA4-C564-45D8-8768-C77E98C2B8FF}.Debug|Any CPU.ActiveCfg = Debug|Any CPU
		{12E32CA4-C564-45D8-8768-C77E98C2B8FF}.Debug|Any CPU.Build.0 = Debug|Any CPU
		{12E32CA4-C564-45D8-8768-C77E98C2B8FF}.Release|Any CPU.ActiveCfg = Release|Any CPU
		{12E32CA4-C564-45D8-8768-C77E98C2B8FF}.Release|Any CPU.Build.0 = Release|Any CPU
	EndGlobalSection
	GlobalSection(SolutionProperties) = preSolution
		HideSolutionNode = FALSE
	EndGlobalSection
	GlobalSection(ExtensibilityGlobals) = postSolution
		SolutionGuid = {220E453A-BE36-4918-8F55-EDA8B3F66032}
	EndGlobalSection
EndGlobal
