
Microsoft Visual Studio Solution File, Format Version 12.00
# Visual Studio 15
VisualStudioVersion = 15.0.28010.2046
MinimumVisualStudioVersion = 10.0.40219.1
Project("{9A19103F-16F7-4668-BE54-9A1E7A4F7556}") = "01. Smallest of Three Numbers", "01. Smallest of Three Numbers\01. Smallest of Three Numbers.csproj", "{C0588F23-1EBF-440E-9CFA-D3D8BA98FD14}"
EndProject
Project("{9A19103F-16F7-4668-BE54-9A1E7A4F7556}") = "02. Vowels Count", "02. Vowels Count\02. Vowels Count.csproj", "{B0A14F48-851D-4113-BB72-1F0CB20833FA}"
EndProject
Project("{9A19103F-16F7-4668-BE54-9A1E7A4F7556}") = "03. Characters in Range", "03. Characters in Range\03. Characters in Range.csproj", "{745ADF01-E9A1-45EA-B6D0-049A21338CB7}"
EndProject
Project("{9A19103F-16F7-4668-BE54-9A1E7A4F7556}") = "04. Password Validator", "04. Password Validator\04. Password Validator.csproj", "{28EC9296-D065-4375-8375-BADE2780AB15}"
EndProject
Project("{9A19103F-16F7-4668-BE54-9A1E7A4F7556}") = "05. Add and Subtract", "05. Add and Subtract\05. Add and Subtract.csproj", "{3FA71161-5A34-4E8D-8BE3-B97ACE18F717}"
EndProject
Project("{9A19103F-16F7-4668-BE54-9A1E7A4F7556}") = "06. Middle Characters", "06. Middle Characters\06. Middle Characters.csproj", "{8A4FE9D4-618E-4EDA-B48D-FFF38F68E09C}"
EndProject
Project("{9A19103F-16F7-4668-BE54-9A1E7A4F7556}") = "07. NxN Matrix", "07. NxN Matrix\07. NxN Matrix.csproj", "{053595DA-1FF8-44FF-893C-E29742B225D3}"
EndProject
Project("{9A19103F-16F7-4668-BE54-9A1E7A4F7556}") = "08. Factorial Division", "08. Factorial Division\08. Factorial Division.csproj", "{46E01BD9-625E-4CFE-A55E-43D16353E780}"
EndProject
Project("{9A19103F-16F7-4668-BE54-9A1E7A4F7556}") = "09. Palindrome Integers", "09. Palindrome Integers\09. Palindrome Integers.csproj", "{A1D05B88-AF8E-4C18-9D84-1440EDC67EC8}"
EndProject
Project("{9A19103F-16F7-4668-BE54-9A1E7A4F7556}") = "10. Top Number", "10. Top Number\10. Top Number.csproj", "{1E853A70-596A-432F-84C2-4E884BD8E5FB}"
EndProject
Project("{FAE04EC0-301F-11D3-BF4B-00C04F79EFBC}") = "11. Array Manipulator", "11. Array Manipulator\11. Array Manipulator.csproj", "{5DDBBE0B-C6A0-47FF-A7CE-57390B3D12D3}"
EndProject
Project("{FAE04EC0-301F-11D3-BF4B-00C04F79EFBC}") = "exp", "exp\exp.csproj", "{59944C11-4096-403B-8181-14B37A164C69}"
EndProject
Global
	GlobalSection(SolutionConfigurationPlatforms) = preSolution
		Debug|Any CPU = Debug|Any CPU
		Release|Any CPU = Release|Any CPU
	EndGlobalSection
	GlobalSection(ProjectConfigurationPlatforms) = postSolution
		{C0588F23-1EBF-440E-9CFA-D3D8BA98FD14}.Debug|Any CPU.ActiveCfg = Debug|Any CPU
		{C0588F23-1EBF-440E-9CFA-D3D8BA98FD14}.Debug|Any CPU.Build.0 = Debug|Any CPU
		{C0588F23-1EBF-440E-9CFA-D3D8BA98FD14}.Release|Any CPU.ActiveCfg = Release|Any CPU
		{C0588F23-1EBF-440E-9CFA-D3D8BA98FD14}.Release|Any CPU.Build.0 = Release|Any CPU
		{B0A14F48-851D-4113-BB72-1F0CB20833FA}.Debug|Any CPU.ActiveCfg = Debug|Any CPU
		{B0A14F48-851D-4113-BB72-1F0CB20833FA}.Debug|Any CPU.Build.0 = Debug|Any CPU
		{B0A14F48-851D-4113-BB72-1F0CB20833FA}.Release|Any CPU.ActiveCfg = Release|Any CPU
		{B0A14F48-851D-4113-BB72-1F0CB20833FA}.Release|Any CPU.Build.0 = Release|Any CPU
		{745ADF01-E9A1-45EA-B6D0-049A21338CB7}.Debug|Any CPU.ActiveCfg = Debug|Any CPU
		{745ADF01-E9A1-45EA-B6D0-049A21338CB7}.Debug|Any CPU.Build.0 = Debug|Any CPU
		{745ADF01-E9A1-45EA-B6D0-049A21338CB7}.Release|Any CPU.ActiveCfg = Release|Any CPU
		{745ADF01-E9A1-45EA-B6D0-049A21338CB7}.Release|Any CPU.Build.0 = Release|Any CPU
		{28EC9296-D065-4375-8375-BADE2780AB15}.Debug|Any CPU.ActiveCfg = Debug|Any CPU
		{28EC9296-D065-4375-8375-BADE2780AB15}.Debug|Any CPU.Build.0 = Debug|Any CPU
		{28EC9296-D065-4375-8375-BADE2780AB15}.Release|Any CPU.ActiveCfg = Release|Any CPU
		{28EC9296-D065-4375-8375-BADE2780AB15}.Release|Any CPU.Build.0 = Release|Any CPU
		{3FA71161-5A34-4E8D-8BE3-B97ACE18F717}.Debug|Any CPU.ActiveCfg = Debug|Any CPU
		{3FA71161-5A34-4E8D-8BE3-B97ACE18F717}.Debug|Any CPU.Build.0 = Debug|Any CPU
		{3FA71161-5A34-4E8D-8BE3-B97ACE18F717}.Release|Any CPU.ActiveCfg = Release|Any CPU
		{3FA71161-5A34-4E8D-8BE3-B97ACE18F717}.Release|Any CPU.Build.0 = Release|Any CPU
		{8A4FE9D4-618E-4EDA-B48D-FFF38F68E09C}.Debug|Any CPU.ActiveCfg = Debug|Any CPU
		{8A4FE9D4-618E-4EDA-B48D-FFF38F68E09C}.Debug|Any CPU.Build.0 = Debug|Any CPU
		{8A4FE9D4-618E-4EDA-B48D-FFF38F68E09C}.Release|Any CPU.ActiveCfg = Release|Any CPU
		{8A4FE9D4-618E-4EDA-B48D-FFF38F68E09C}.Release|Any CPU.Build.0 = Release|Any CPU
		{053595DA-1FF8-44FF-893C-E29742B225D3}.Debug|Any CPU.ActiveCfg = Debug|Any CPU
		{053595DA-1FF8-44FF-893C-E29742B225D3}.Debug|Any CPU.Build.0 = Debug|Any CPU
		{053595DA-1FF8-44FF-893C-E29742B225D3}.Release|Any CPU.ActiveCfg = Release|Any CPU
		{053595DA-1FF8-44FF-893C-E29742B225D3}.Release|Any CPU.Build.0 = Release|Any CPU
		{46E01BD9-625E-4CFE-A55E-43D16353E780}.Debug|Any CPU.ActiveCfg = Debug|Any CPU
		{46E01BD9-625E-4CFE-A55E-43D16353E780}.Debug|Any CPU.Build.0 = Debug|Any CPU
		{46E01BD9-625E-4CFE-A55E-43D16353E780}.Release|Any CPU.ActiveCfg = Release|Any CPU
		{46E01BD9-625E-4CFE-A55E-43D16353E780}.Release|Any CPU.Build.0 = Release|Any CPU
		{A1D05B88-AF8E-4C18-9D84-1440EDC67EC8}.Debug|Any CPU.ActiveCfg = Debug|Any CPU
		{A1D05B88-AF8E-4C18-9D84-1440EDC67EC8}.Debug|Any CPU.Build.0 = Debug|Any CPU
		{A1D05B88-AF8E-4C18-9D84-1440EDC67EC8}.Release|Any CPU.ActiveCfg = Release|Any CPU
		{A1D05B88-AF8E-4C18-9D84-1440EDC67EC8}.Release|Any CPU.Build.0 = Release|Any CPU
		{1E853A70-596A-432F-84C2-4E884BD8E5FB}.Debug|Any CPU.ActiveCfg = Debug|Any CPU
		{1E853A70-596A-432F-84C2-4E884BD8E5FB}.Debug|Any CPU.Build.0 = Debug|Any CPU
		{1E853A70-596A-432F-84C2-4E884BD8E5FB}.Release|Any CPU.ActiveCfg = Release|Any CPU
		{1E853A70-596A-432F-84C2-4E884BD8E5FB}.Release|Any CPU.Build.0 = Release|Any CPU
		{5DDBBE0B-C6A0-47FF-A7CE-57390B3D12D3}.Debug|Any CPU.ActiveCfg = Debug|Any CPU
		{5DDBBE0B-C6A0-47FF-A7CE-57390B3D12D3}.Debug|Any CPU.Build.0 = Debug|Any CPU
		{5DDBBE0B-C6A0-47FF-A7CE-57390B3D12D3}.Release|Any CPU.ActiveCfg = Release|Any CPU
		{5DDBBE0B-C6A0-47FF-A7CE-57390B3D12D3}.Release|Any CPU.Build.0 = Release|Any CPU
		{59944C11-4096-403B-8181-14B37A164C69}.Debug|Any CPU.ActiveCfg = Debug|Any CPU
		{59944C11-4096-403B-8181-14B37A164C69}.Debug|Any CPU.Build.0 = Debug|Any CPU
		{59944C11-4096-403B-8181-14B37A164C69}.Release|Any CPU.ActiveCfg = Release|Any CPU
		{59944C11-4096-403B-8181-14B37A164C69}.Release|Any CPU.Build.0 = Release|Any CPU
	EndGlobalSection
	GlobalSection(SolutionProperties) = preSolution
		HideSolutionNode = FALSE
	EndGlobalSection
	GlobalSection(ExtensibilityGlobals) = postSolution
		SolutionGuid = {C5189C72-795D-4163-9310-CE477821B89C}
	EndGlobalSection
EndGlobal
