
Microsoft Visual Studio Solution File, Format Version 12.00
# Visual Studio 15
VisualStudioVersion = 15.0.27428.2043
MinimumVisualStudioVersion = 10.0.40219.1
Project("{9A19103F-16F7-4668-BE54-9A1E7A4F7556}") = "zad_1", "zad_1\zad_1.csproj", "{5DFAE6B2-F319-4B39-BD34-991B4D2B739E}"
EndProject
Project("{9A19103F-16F7-4668-BE54-9A1E7A4F7556}") = "zad_2", "zad_2\zad_2.csproj", "{AC480FF4-0065-4422-8B8A-F777CA88E00B}"
EndProject
Project("{9A19103F-16F7-4668-BE54-9A1E7A4F7556}") = "zad_3", "zad_3\zad_3.csproj", "{D557D030-6932-4A72-8239-CA41A3D7C4B5}"
EndProject
Project("{9A19103F-16F7-4668-BE54-9A1E7A4F7556}") = "zad_4", "zad_4\zad_4.csproj", "{CAB03370-0B09-48B9-8315-5AD13F5527BD}"
EndProject
Project("{9A19103F-16F7-4668-BE54-9A1E7A4F7556}") = "zad_5", "zad_5\zad_5.csproj", "{2A5007B8-B868-4863-875C-4C4825586D07}"
EndProject
Project("{9A19103F-16F7-4668-BE54-9A1E7A4F7556}") = "zad_6", "zad_6\zad_6.csproj", "{BDF4D451-22CB-4956-A6C8-A1A482DCC9CD}"
EndProject
Project("{9A19103F-16F7-4668-BE54-9A1E7A4F7556}") = "zad_7a", "zad_7a\zad_7a.csproj", "{BE951CA0-82BA-40A3-9CCD-6490604B0685}"
EndProject
Project("{9A19103F-16F7-4668-BE54-9A1E7A4F7556}") = "zad_8", "zad_8\zad_8.csproj", "{EB78E4C0-BB34-4209-A534-7A8DCCDA1787}"
EndProject
Project("{9A19103F-16F7-4668-BE54-9A1E7A4F7556}") = "zad_9", "zad_9\zad_9.csproj", "{394AFA89-EE18-4D56-97FF-D1095A496B53}"
EndProject
Project("{9A19103F-16F7-4668-BE54-9A1E7A4F7556}") = "zad_10", "zad_10\zad_10.csproj", "{549C09C3-6135-438B-AE0D-4D427D1904B4}"
EndProject
Project("{9A19103F-16F7-4668-BE54-9A1E7A4F7556}") = "zad_11", "zad_11\zad_11.csproj", "{C0FE151A-40B5-4292-AE04-CF8B6A024147}"
EndProject
Project("{9A19103F-16F7-4668-BE54-9A1E7A4F7556}") = "zad_01", "zad_01\zad_01.csproj", "{FA7EA4D0-B9EB-49BF-988C-CAF5992D0422}"
EndProject
Project("{9A19103F-16F7-4668-BE54-9A1E7A4F7556}") = "zad_02", "zad_02\zad_02.csproj", "{4C012AC1-0D62-4984-ABBD-FD36A1BD2C3C}"
EndProject
Project("{9A19103F-16F7-4668-BE54-9A1E7A4F7556}") = "zad_03", "zad_03\zad_03.csproj", "{9FD36489-29A3-4011-9176-BFCFCF13E208}"
EndProject
Project("{9A19103F-16F7-4668-BE54-9A1E7A4F7556}") = "zad_04", "zad_04\zad_04.csproj", "{E706694F-C05D-495C-BA75-4BEDBF60A433}"
EndProject
Project("{9A19103F-16F7-4668-BE54-9A1E7A4F7556}") = "zad_05", "zad_05\zad_05.csproj", "{80650E89-A1F6-4593-A913-A72E8F0483CF}"
EndProject
Project("{9A19103F-16F7-4668-BE54-9A1E7A4F7556}") = "zad_06", "zad_06\zad_06.csproj", "{84A871B7-4406-49CB-8572-CDC21F176A3F}"
EndProject
Project("{FAE04EC0-301F-11D3-BF4B-00C04F79EFBC}") = "zad_07", "zad_07\zad_07.csproj", "{420DDD62-B003-4B16-A598-D41E01590D67}"
EndProject
Global
	GlobalSection(SolutionConfigurationPlatforms) = preSolution
		Debug|Any CPU = Debug|Any CPU
		Release|Any CPU = Release|Any CPU
	EndGlobalSection
	GlobalSection(ProjectConfigurationPlatforms) = postSolution
		{5DFAE6B2-F319-4B39-BD34-991B4D2B739E}.Debug|Any CPU.ActiveCfg = Debug|Any CPU
		{5DFAE6B2-F319-4B39-BD34-991B4D2B739E}.Debug|Any CPU.Build.0 = Debug|Any CPU
		{5DFAE6B2-F319-4B39-BD34-991B4D2B739E}.Release|Any CPU.ActiveCfg = Release|Any CPU
		{5DFAE6B2-F319-4B39-BD34-991B4D2B739E}.Release|Any CPU.Build.0 = Release|Any CPU
		{AC480FF4-0065-4422-8B8A-F777CA88E00B}.Debug|Any CPU.ActiveCfg = Debug|Any CPU
		{AC480FF4-0065-4422-8B8A-F777CA88E00B}.Debug|Any CPU.Build.0 = Debug|Any CPU
		{AC480FF4-0065-4422-8B8A-F777CA88E00B}.Release|Any CPU.ActiveCfg = Release|Any CPU
		{AC480FF4-0065-4422-8B8A-F777CA88E00B}.Release|Any CPU.Build.0 = Release|Any CPU
		{D557D030-6932-4A72-8239-CA41A3D7C4B5}.Debug|Any CPU.ActiveCfg = Debug|Any CPU
		{D557D030-6932-4A72-8239-CA41A3D7C4B5}.Debug|Any CPU.Build.0 = Debug|Any CPU
		{D557D030-6932-4A72-8239-CA41A3D7C4B5}.Release|Any CPU.ActiveCfg = Release|Any CPU
		{D557D030-6932-4A72-8239-CA41A3D7C4B5}.Release|Any CPU.Build.0 = Release|Any CPU
		{CAB03370-0B09-48B9-8315-5AD13F5527BD}.Debug|Any CPU.ActiveCfg = Debug|Any CPU
		{CAB03370-0B09-48B9-8315-5AD13F5527BD}.Debug|Any CPU.Build.0 = Debug|Any CPU
		{CAB03370-0B09-48B9-8315-5AD13F5527BD}.Release|Any CPU.ActiveCfg = Release|Any CPU
		{CAB03370-0B09-48B9-8315-5AD13F5527BD}.Release|Any CPU.Build.0 = Release|Any CPU
		{2A5007B8-B868-4863-875C-4C4825586D07}.Debug|Any CPU.ActiveCfg = Debug|Any CPU
		{2A5007B8-B868-4863-875C-4C4825586D07}.Debug|Any CPU.Build.0 = Debug|Any CPU
		{2A5007B8-B868-4863-875C-4C4825586D07}.Release|Any CPU.ActiveCfg = Release|Any CPU
		{2A5007B8-B868-4863-875C-4C4825586D07}.Release|Any CPU.Build.0 = Release|Any CPU
		{BDF4D451-22CB-4956-A6C8-A1A482DCC9CD}.Debug|Any CPU.ActiveCfg = Debug|Any CPU
		{BDF4D451-22CB-4956-A6C8-A1A482DCC9CD}.Debug|Any CPU.Build.0 = Debug|Any CPU
		{BDF4D451-22CB-4956-A6C8-A1A482DCC9CD}.Release|Any CPU.ActiveCfg = Release|Any CPU
		{BDF4D451-22CB-4956-A6C8-A1A482DCC9CD}.Release|Any CPU.Build.0 = Release|Any CPU
		{BE951CA0-82BA-40A3-9CCD-6490604B0685}.Debug|Any CPU.ActiveCfg = Debug|Any CPU
		{BE951CA0-82BA-40A3-9CCD-6490604B0685}.Debug|Any CPU.Build.0 = Debug|Any CPU
		{BE951CA0-82BA-40A3-9CCD-6490604B0685}.Release|Any CPU.ActiveCfg = Release|Any CPU
		{BE951CA0-82BA-40A3-9CCD-6490604B0685}.Release|Any CPU.Build.0 = Release|Any CPU
		{EB78E4C0-BB34-4209-A534-7A8DCCDA1787}.Debug|Any CPU.ActiveCfg = Debug|Any CPU
		{EB78E4C0-BB34-4209-A534-7A8DCCDA1787}.Debug|Any CPU.Build.0 = Debug|Any CPU
		{EB78E4C0-BB34-4209-A534-7A8DCCDA1787}.Release|Any CPU.ActiveCfg = Release|Any CPU
		{EB78E4C0-BB34-4209-A534-7A8DCCDA1787}.Release|Any CPU.Build.0 = Release|Any CPU
		{394AFA89-EE18-4D56-97FF-D1095A496B53}.Debug|Any CPU.ActiveCfg = Debug|Any CPU
		{394AFA89-EE18-4D56-97FF-D1095A496B53}.Debug|Any CPU.Build.0 = Debug|Any CPU
		{394AFA89-EE18-4D56-97FF-D1095A496B53}.Release|Any CPU.ActiveCfg = Release|Any CPU
		{394AFA89-EE18-4D56-97FF-D1095A496B53}.Release|Any CPU.Build.0 = Release|Any CPU
		{549C09C3-6135-438B-AE0D-4D427D1904B4}.Debug|Any CPU.ActiveCfg = Debug|Any CPU
		{549C09C3-6135-438B-AE0D-4D427D1904B4}.Debug|Any CPU.Build.0 = Debug|Any CPU
		{549C09C3-6135-438B-AE0D-4D427D1904B4}.Release|Any CPU.ActiveCfg = Release|Any CPU
		{549C09C3-6135-438B-AE0D-4D427D1904B4}.Release|Any CPU.Build.0 = Release|Any CPU
		{C0FE151A-40B5-4292-AE04-CF8B6A024147}.Debug|Any CPU.ActiveCfg = Debug|Any CPU
		{C0FE151A-40B5-4292-AE04-CF8B6A024147}.Debug|Any CPU.Build.0 = Debug|Any CPU
		{C0FE151A-40B5-4292-AE04-CF8B6A024147}.Release|Any CPU.ActiveCfg = Release|Any CPU
		{C0FE151A-40B5-4292-AE04-CF8B6A024147}.Release|Any CPU.Build.0 = Release|Any CPU
		{FA7EA4D0-B9EB-49BF-988C-CAF5992D0422}.Debug|Any CPU.ActiveCfg = Debug|Any CPU
		{FA7EA4D0-B9EB-49BF-988C-CAF5992D0422}.Debug|Any CPU.Build.0 = Debug|Any CPU
		{FA7EA4D0-B9EB-49BF-988C-CAF5992D0422}.Release|Any CPU.ActiveCfg = Release|Any CPU
		{FA7EA4D0-B9EB-49BF-988C-CAF5992D0422}.Release|Any CPU.Build.0 = Release|Any CPU
		{4C012AC1-0D62-4984-ABBD-FD36A1BD2C3C}.Debug|Any CPU.ActiveCfg = Debug|Any CPU
		{4C012AC1-0D62-4984-ABBD-FD36A1BD2C3C}.Debug|Any CPU.Build.0 = Debug|Any CPU
		{4C012AC1-0D62-4984-ABBD-FD36A1BD2C3C}.Release|Any CPU.ActiveCfg = Release|Any CPU
		{4C012AC1-0D62-4984-ABBD-FD36A1BD2C3C}.Release|Any CPU.Build.0 = Release|Any CPU
		{9FD36489-29A3-4011-9176-BFCFCF13E208}.Debug|Any CPU.ActiveCfg = Debug|Any CPU
		{9FD36489-29A3-4011-9176-BFCFCF13E208}.Debug|Any CPU.Build.0 = Debug|Any CPU
		{9FD36489-29A3-4011-9176-BFCFCF13E208}.Release|Any CPU.ActiveCfg = Release|Any CPU
		{9FD36489-29A3-4011-9176-BFCFCF13E208}.Release|Any CPU.Build.0 = Release|Any CPU
		{E706694F-C05D-495C-BA75-4BEDBF60A433}.Debug|Any CPU.ActiveCfg = Debug|Any CPU
		{E706694F-C05D-495C-BA75-4BEDBF60A433}.Debug|Any CPU.Build.0 = Debug|Any CPU
		{E706694F-C05D-495C-BA75-4BEDBF60A433}.Release|Any CPU.ActiveCfg = Release|Any CPU
		{E706694F-C05D-495C-BA75-4BEDBF60A433}.Release|Any CPU.Build.0 = Release|Any CPU
		{80650E89-A1F6-4593-A913-A72E8F0483CF}.Debug|Any CPU.ActiveCfg = Debug|Any CPU
		{80650E89-A1F6-4593-A913-A72E8F0483CF}.Debug|Any CPU.Build.0 = Debug|Any CPU
		{80650E89-A1F6-4593-A913-A72E8F0483CF}.Release|Any CPU.ActiveCfg = Release|Any CPU
		{80650E89-A1F6-4593-A913-A72E8F0483CF}.Release|Any CPU.Build.0 = Release|Any CPU
		{84A871B7-4406-49CB-8572-CDC21F176A3F}.Debug|Any CPU.ActiveCfg = Debug|Any CPU
		{84A871B7-4406-49CB-8572-CDC21F176A3F}.Debug|Any CPU.Build.0 = Debug|Any CPU
		{84A871B7-4406-49CB-8572-CDC21F176A3F}.Release|Any CPU.ActiveCfg = Release|Any CPU
		{84A871B7-4406-49CB-8572-CDC21F176A3F}.Release|Any CPU.Build.0 = Release|Any CPU
		{420DDD62-B003-4B16-A598-D41E01590D67}.Debug|Any CPU.ActiveCfg = Debug|Any CPU
		{420DDD62-B003-4B16-A598-D41E01590D67}.Debug|Any CPU.Build.0 = Debug|Any CPU
		{420DDD62-B003-4B16-A598-D41E01590D67}.Release|Any CPU.ActiveCfg = Release|Any CPU
		{420DDD62-B003-4B16-A598-D41E01590D67}.Release|Any CPU.Build.0 = Release|Any CPU
	EndGlobalSection
	GlobalSection(SolutionProperties) = preSolution
		HideSolutionNode = FALSE
	EndGlobalSection
	GlobalSection(ExtensibilityGlobals) = postSolution
		SolutionGuid = {192F9CCD-BCFE-41C2-BA5D-D21937EA3CAF}
	EndGlobalSection
EndGlobal
