
Microsoft Visual Studio Solution File, Format Version 12.00
# Visual Studio 15
VisualStudioVersion = 15.0.27428.2043
MinimumVisualStudioVersion = 10.0.40219.1
Project("{9A19103F-16F7-4668-BE54-9A1E7A4F7556}") = "01. Train", "01. Train\01. Train.csproj", "{965D63B4-E8C0-43C6-AF4F-C73657CF4C57}"
EndProject
Project("{9A19103F-16F7-4668-BE54-9A1E7A4F7556}") = "02. Common Elements", "02. Common Elements\02. Common Elements.csproj", "{22B3079C-4332-4181-A0A5-D3C68AA6EE06}"
EndProject
Project("{9A19103F-16F7-4668-BE54-9A1E7A4F7556}") = "03. Zig-Zag Arrays", "03. Zig-Zag Arrays\03. Zig-Zag Arrays.csproj", "{147D95E2-9546-43C6-BC6F-A3C451129E9D}"
EndProject
Project("{9A19103F-16F7-4668-BE54-9A1E7A4F7556}") = "04. Array Rotation", "04. Array Rotation\04. Array Rotation.csproj", "{E15CA959-FB96-4DBD-A160-183AB4C5A964}"
EndProject
Project("{9A19103F-16F7-4668-BE54-9A1E7A4F7556}") = "05. Top Integers", "05. Top Integers\05. Top Integers.csproj", "{7496394E-9B5D-4BCB-A258-9EC98F60B9FE}"
EndProject
Project("{9A19103F-16F7-4668-BE54-9A1E7A4F7556}") = "06. Equal Sum", "06. Equal Sum\06. Equal Sum.csproj", "{E9CA0C4E-7249-4740-A5A1-2CAA32D6C040}"
EndProject
Project("{9A19103F-16F7-4668-BE54-9A1E7A4F7556}") = "07. Max Sequence of Equal Elements", "07. Max Sequence of Equal Elements\07. Max Sequence of Equal Elements.csproj", "{0FE49772-80E0-4353-87EA-7CA0D8556AB9}"
EndProject
Project("{9A19103F-16F7-4668-BE54-9A1E7A4F7556}") = "08. Magic Sum", "08. Magic Sum\08. Magic Sum.csproj", "{6EB6B208-3072-49AB-8CAE-784D5A716341}"
EndProject
Project("{FAE04EC0-301F-11D3-BF4B-00C04F79EFBC}") = "09. Kamino Factory", "09. Kamino Factory\09. Kamino Factory.csproj", "{20F7B9BD-2612-4B83-84CF-985C27558B89}"
EndProject
Global
	GlobalSection(SolutionConfigurationPlatforms) = preSolution
		Debug|Any CPU = Debug|Any CPU
		Release|Any CPU = Release|Any CPU
	EndGlobalSection
	GlobalSection(ProjectConfigurationPlatforms) = postSolution
		{965D63B4-E8C0-43C6-AF4F-C73657CF4C57}.Debug|Any CPU.ActiveCfg = Debug|Any CPU
		{965D63B4-E8C0-43C6-AF4F-C73657CF4C57}.Debug|Any CPU.Build.0 = Debug|Any CPU
		{965D63B4-E8C0-43C6-AF4F-C73657CF4C57}.Release|Any CPU.ActiveCfg = Release|Any CPU
		{965D63B4-E8C0-43C6-AF4F-C73657CF4C57}.Release|Any CPU.Build.0 = Release|Any CPU
		{22B3079C-4332-4181-A0A5-D3C68AA6EE06}.Debug|Any CPU.ActiveCfg = Debug|Any CPU
		{22B3079C-4332-4181-A0A5-D3C68AA6EE06}.Debug|Any CPU.Build.0 = Debug|Any CPU
		{22B3079C-4332-4181-A0A5-D3C68AA6EE06}.Release|Any CPU.ActiveCfg = Release|Any CPU
		{22B3079C-4332-4181-A0A5-D3C68AA6EE06}.Release|Any CPU.Build.0 = Release|Any CPU
		{147D95E2-9546-43C6-BC6F-A3C451129E9D}.Debug|Any CPU.ActiveCfg = Debug|Any CPU
		{147D95E2-9546-43C6-BC6F-A3C451129E9D}.Debug|Any CPU.Build.0 = Debug|Any CPU
		{147D95E2-9546-43C6-BC6F-A3C451129E9D}.Release|Any CPU.ActiveCfg = Release|Any CPU
		{147D95E2-9546-43C6-BC6F-A3C451129E9D}.Release|Any CPU.Build.0 = Release|Any CPU
		{E15CA959-FB96-4DBD-A160-183AB4C5A964}.Debug|Any CPU.ActiveCfg = Debug|Any CPU
		{E15CA959-FB96-4DBD-A160-183AB4C5A964}.Debug|Any CPU.Build.0 = Debug|Any CPU
		{E15CA959-FB96-4DBD-A160-183AB4C5A964}.Release|Any CPU.ActiveCfg = Release|Any CPU
		{E15CA959-FB96-4DBD-A160-183AB4C5A964}.Release|Any CPU.Build.0 = Release|Any CPU
		{7496394E-9B5D-4BCB-A258-9EC98F60B9FE}.Debug|Any CPU.ActiveCfg = Debug|Any CPU
		{7496394E-9B5D-4BCB-A258-9EC98F60B9FE}.Debug|Any CPU.Build.0 = Debug|Any CPU
		{7496394E-9B5D-4BCB-A258-9EC98F60B9FE}.Release|Any CPU.ActiveCfg = Release|Any CPU
		{7496394E-9B5D-4BCB-A258-9EC98F60B9FE}.Release|Any CPU.Build.0 = Release|Any CPU
		{E9CA0C4E-7249-4740-A5A1-2CAA32D6C040}.Debug|Any CPU.ActiveCfg = Debug|Any CPU
		{E9CA0C4E-7249-4740-A5A1-2CAA32D6C040}.Debug|Any CPU.Build.0 = Debug|Any CPU
		{E9CA0C4E-7249-4740-A5A1-2CAA32D6C040}.Release|Any CPU.ActiveCfg = Release|Any CPU
		{E9CA0C4E-7249-4740-A5A1-2CAA32D6C040}.Release|Any CPU.Build.0 = Release|Any CPU
		{0FE49772-80E0-4353-87EA-7CA0D8556AB9}.Debug|Any CPU.ActiveCfg = Debug|Any CPU
		{0FE49772-80E0-4353-87EA-7CA0D8556AB9}.Debug|Any CPU.Build.0 = Debug|Any CPU
		{0FE49772-80E0-4353-87EA-7CA0D8556AB9}.Release|Any CPU.ActiveCfg = Release|Any CPU
		{0FE49772-80E0-4353-87EA-7CA0D8556AB9}.Release|Any CPU.Build.0 = Release|Any CPU
		{6EB6B208-3072-49AB-8CAE-784D5A716341}.Debug|Any CPU.ActiveCfg = Debug|Any CPU
		{6EB6B208-3072-49AB-8CAE-784D5A716341}.Debug|Any CPU.Build.0 = Debug|Any CPU
		{6EB6B208-3072-49AB-8CAE-784D5A716341}.Release|Any CPU.ActiveCfg = Release|Any CPU
		{6EB6B208-3072-49AB-8CAE-784D5A716341}.Release|Any CPU.Build.0 = Release|Any CPU
		{20F7B9BD-2612-4B83-84CF-985C27558B89}.Debug|Any CPU.ActiveCfg = Debug|Any CPU
		{20F7B9BD-2612-4B83-84CF-985C27558B89}.Debug|Any CPU.Build.0 = Debug|Any CPU
		{20F7B9BD-2612-4B83-84CF-985C27558B89}.Release|Any CPU.ActiveCfg = Release|Any CPU
		{20F7B9BD-2612-4B83-84CF-985C27558B89}.Release|Any CPU.Build.0 = Release|Any CPU
	EndGlobalSection
	GlobalSection(SolutionProperties) = preSolution
		HideSolutionNode = FALSE
	EndGlobalSection
	GlobalSection(ExtensibilityGlobals) = postSolution
		SolutionGuid = {FF4A8377-3E7E-471E-9187-9A76C2640DF7}
	EndGlobalSection
EndGlobal
