
Microsoft Visual Studio Solution File, Format Version 12.00
# Visual Studio 15
VisualStudioVersion = 15.0.28010.2046
MinimumVisualStudioVersion = 10.0.40219.1
Project("{FAE04EC0-301F-11D3-BF4B-00C04F79EFBC}") = "01. Sweet Dessert", "01. Sweet Dessert\01. Sweet Dessert.csproj", "{000094E0-A5F6-4090-B04A-A2176EF31D54}"
EndProject
Project("{FAE04EC0-301F-11D3-BF4B-00C04F79EFBC}") = "02. Array Manipulator", "02. Array Manipulator\02. Array Manipulator.csproj", "{69067E08-0AAF-4F44-ACFB-8DDE8B923EDF}"
EndProject
Project("{FAE04EC0-301F-11D3-BF4B-00C04F79EFBC}") = "03. Football League", "03. Football League\03. Football League.csproj", "{5B48E9F2-89F3-467D-9D3C-69D0FF601EC8}"
EndProject
Project("{FAE04EC0-301F-11D3-BF4B-00C04F79EFBC}") = "04. Cubic Messages", "04. Cubic Messages\04. Cubic Messages.csproj", "{6E541282-6B96-49CA-8588-0B3C286A70BA}"
EndProject
Global
	GlobalSection(SolutionConfigurationPlatforms) = preSolution
		Debug|Any CPU = Debug|Any CPU
		Release|Any CPU = Release|Any CPU
	EndGlobalSection
	GlobalSection(ProjectConfigurationPlatforms) = postSolution
		{000094E0-A5F6-4090-B04A-A2176EF31D54}.Debug|Any CPU.ActiveCfg = Debug|Any CPU
		{000094E0-A5F6-4090-B04A-A2176EF31D54}.Debug|Any CPU.Build.0 = Debug|Any CPU
		{000094E0-A5F6-4090-B04A-A2176EF31D54}.Release|Any CPU.ActiveCfg = Release|Any CPU
		{000094E0-A5F6-4090-B04A-A2176EF31D54}.Release|Any CPU.Build.0 = Release|Any CPU
		{69067E08-0AAF-4F44-ACFB-8DDE8B923EDF}.Debug|Any CPU.ActiveCfg = Debug|Any CPU
		{69067E08-0AAF-4F44-ACFB-8DDE8B923EDF}.Debug|Any CPU.Build.0 = Debug|Any CPU
		{69067E08-0AAF-4F44-ACFB-8DDE8B923EDF}.Release|Any CPU.ActiveCfg = Release|Any CPU
		{69067E08-0AAF-4F44-ACFB-8DDE8B923EDF}.Release|Any CPU.Build.0 = Release|Any CPU
		{5B48E9F2-89F3-467D-9D3C-69D0FF601EC8}.Debug|Any CPU.ActiveCfg = Debug|Any CPU
		{5B48E9F2-89F3-467D-9D3C-69D0FF601EC8}.Debug|Any CPU.Build.0 = Debug|Any CPU
		{5B48E9F2-89F3-467D-9D3C-69D0FF601EC8}.Release|Any CPU.ActiveCfg = Release|Any CPU
		{5B48E9F2-89F3-467D-9D3C-69D0FF601EC8}.Release|Any CPU.Build.0 = Release|Any CPU
		{6E541282-6B96-49CA-8588-0B3C286A70BA}.Debug|Any CPU.ActiveCfg = Debug|Any CPU
		{6E541282-6B96-49CA-8588-0B3C286A70BA}.Debug|Any CPU.Build.0 = Debug|Any CPU
		{6E541282-6B96-49CA-8588-0B3C286A70BA}.Release|Any CPU.ActiveCfg = Release|Any CPU
		{6E541282-6B96-49CA-8588-0B3C286A70BA}.Release|Any CPU.Build.0 = Release|Any CPU
	EndGlobalSection
	GlobalSection(SolutionProperties) = preSolution
		HideSolutionNode = FALSE
	EndGlobalSection
	GlobalSection(ExtensibilityGlobals) = postSolution
		SolutionGuid = {66153F36-7F82-45FA-95ED-86B547CBF2B6}
	EndGlobalSection
EndGlobal
