
Microsoft Visual Studio Solution File, Format Version 12.00
# Visual Studio 15
VisualStudioVersion = 15.0.28010.2046
MinimumVisualStudioVersion = 10.0.40219.1
Project("{FAE04EC0-301F-11D3-BF4B-00C04F79EFBC}") = "01. SoftUni Airline", "01. SoftUni Airline\01. SoftUni Airline.csproj", "{0F3B283B-3160-4B73-9C8A-CB8071CEA998}"
EndProject
Project("{FAE04EC0-301F-11D3-BF4B-00C04F79EFBC}") = "02. SoftUni Water Supplies", "02. SoftUni Water Supplies\02. SoftUni Water Supplies.csproj", "{65B1D449-467F-4C64-8B87-160DBC787D05}"
EndProject
Project("{FAE04EC0-301F-11D3-BF4B-00C04F79EFBC}") = "03. Matrix Operator", "03. Matrix Operator\03. Matrix Operator.csproj", "{77D11BA8-DD11-4FEA-A523-3C47C7B5A293}"
EndProject
Project("{FAE04EC0-301F-11D3-BF4B-00C04F79EFBC}") = "04. SoftUni Coffee Supplies", "04. SoftUni Coffee Supplies\04. SoftUni Coffee Supplies.csproj", "{4903AC6D-73DF-49B7-9054-FB43C821A1A4}"
EndProject
Project("{FAE04EC0-301F-11D3-BF4B-00C04F79EFBC}") = "proba", "proba\proba.csproj", "{1C44E015-B96D-4AC4-ADC8-2AD3E53FBF42}"
EndProject
Global
	GlobalSection(SolutionConfigurationPlatforms) = preSolution
		Debug|Any CPU = Debug|Any CPU
		Release|Any CPU = Release|Any CPU
	EndGlobalSection
	GlobalSection(ProjectConfigurationPlatforms) = postSolution
		{0F3B283B-3160-4B73-9C8A-CB8071CEA998}.Debug|Any CPU.ActiveCfg = Debug|Any CPU
		{0F3B283B-3160-4B73-9C8A-CB8071CEA998}.Debug|Any CPU.Build.0 = Debug|Any CPU
		{0F3B283B-3160-4B73-9C8A-CB8071CEA998}.Release|Any CPU.ActiveCfg = Release|Any CPU
		{0F3B283B-3160-4B73-9C8A-CB8071CEA998}.Release|Any CPU.Build.0 = Release|Any CPU
		{65B1D449-467F-4C64-8B87-160DBC787D05}.Debug|Any CPU.ActiveCfg = Debug|Any CPU
		{65B1D449-467F-4C64-8B87-160DBC787D05}.Debug|Any CPU.Build.0 = Debug|Any CPU
		{65B1D449-467F-4C64-8B87-160DBC787D05}.Release|Any CPU.ActiveCfg = Release|Any CPU
		{65B1D449-467F-4C64-8B87-160DBC787D05}.Release|Any CPU.Build.0 = Release|Any CPU
		{77D11BA8-DD11-4FEA-A523-3C47C7B5A293}.Debug|Any CPU.ActiveCfg = Debug|Any CPU
		{77D11BA8-DD11-4FEA-A523-3C47C7B5A293}.Debug|Any CPU.Build.0 = Debug|Any CPU
		{77D11BA8-DD11-4FEA-A523-3C47C7B5A293}.Release|Any CPU.ActiveCfg = Release|Any CPU
		{77D11BA8-DD11-4FEA-A523-3C47C7B5A293}.Release|Any CPU.Build.0 = Release|Any CPU
		{4903AC6D-73DF-49B7-9054-FB43C821A1A4}.Debug|Any CPU.ActiveCfg = Debug|Any CPU
		{4903AC6D-73DF-49B7-9054-FB43C821A1A4}.Debug|Any CPU.Build.0 = Debug|Any CPU
		{4903AC6D-73DF-49B7-9054-FB43C821A1A4}.Release|Any CPU.ActiveCfg = Release|Any CPU
		{4903AC6D-73DF-49B7-9054-FB43C821A1A4}.Release|Any CPU.Build.0 = Release|Any CPU
		{1C44E015-B96D-4AC4-ADC8-2AD3E53FBF42}.Debug|Any CPU.ActiveCfg = Debug|Any CPU
		{1C44E015-B96D-4AC4-ADC8-2AD3E53FBF42}.Debug|Any CPU.Build.0 = Debug|Any CPU
		{1C44E015-B96D-4AC4-ADC8-2AD3E53FBF42}.Release|Any CPU.ActiveCfg = Release|Any CPU
		{1C44E015-B96D-4AC4-ADC8-2AD3E53FBF42}.Release|Any CPU.Build.0 = Release|Any CPU
	EndGlobalSection
	GlobalSection(SolutionProperties) = preSolution
		HideSolutionNode = FALSE
	EndGlobalSection
	GlobalSection(ExtensibilityGlobals) = postSolution
		SolutionGuid = {1866892B-7983-450A-B31A-3F9CA7659DD6}
	EndGlobalSection
EndGlobal
